
Microsoft Visual Studio Solution File, Format Version 12.00
# Visual Studio Version 16
VisualStudioVersion = 16.0.810.18
MinimumVisualStudioVersion = 10.0.40219.1
Project("{FAE04EC0-301F-11D3-BF4B-00C04F79EFBC}") = "Xrpl.C", "Xrpl.C\Xrpl.C.csproj", "{06B5272A-3A5C-4E3C-9198-7B9C0B455375}"
EndProject
Project("{FAE04EC0-301F-11D3-BF4B-00C04F79EFBC}") = "Xrpl.C.Tests", "Xrpl.C.Tests\Xrpl.C.Tests.csproj", "{016A5A97-6683-43F9-95BC-1A2123306EB7}"
EndProject
Project("{FAE04EC0-301F-11D3-BF4B-00C04F79EFBC}") = "Chaos.NaCl", "..\ripple-netcore\src\Chaos.NaCl\Chaos.NaCl.csproj", "{1C0694C6-D932-4AEA-8811-5F48E87A4D0C}"
EndProject
Global
	GlobalSection(SolutionConfigurationPlatforms) = preSolution
		Debug|Any CPU = Debug|Any CPU
		Release|Any CPU = Release|Any CPU
	EndGlobalSection
	GlobalSection(ProjectConfigurationPlatforms) = postSolution
		{06B5272A-3A5C-4E3C-9198-7B9C0B455375}.Debug|Any CPU.ActiveCfg = Debug|Any CPU
		{06B5272A-3A5C-4E3C-9198-7B9C0B455375}.Debug|Any CPU.Build.0 = Debug|Any CPU
		{06B5272A-3A5C-4E3C-9198-7B9C0B455375}.Release|Any CPU.ActiveCfg = Release|Any CPU
		{06B5272A-3A5C-4E3C-9198-7B9C0B455375}.Release|Any CPU.Build.0 = Release|Any CPU
		{016A5A97-6683-43F9-95BC-1A2123306EB7}.Debug|Any CPU.ActiveCfg = Debug|Any CPU
		{016A5A97-6683-43F9-95BC-1A2123306EB7}.Debug|Any CPU.Build.0 = Debug|Any CPU
		{016A5A97-6683-43F9-95BC-1A2123306EB7}.Release|Any CPU.ActiveCfg = Release|Any CPU
		{016A5A97-6683-43F9-95BC-1A2123306EB7}.Release|Any CPU.Build.0 = Release|Any CPU
		{1C0694C6-D932-4AEA-8811-5F48E87A4D0C}.Debug|Any CPU.ActiveCfg = Debug|Any CPU
		{1C0694C6-D932-4AEA-8811-5F48E87A4D0C}.Debug|Any CPU.Build.0 = Debug|Any CPU
		{1C0694C6-D932-4AEA-8811-5F48E87A4D0C}.Release|Any CPU.ActiveCfg = Release|Any CPU
		{1C0694C6-D932-4AEA-8811-5F48E87A4D0C}.Release|Any CPU.Build.0 = Release|Any CPU
	EndGlobalSection
	GlobalSection(SolutionProperties) = preSolution
		HideSolutionNode = FALSE
	EndGlobalSection
	GlobalSection(ExtensibilityGlobals) = postSolution
		SolutionGuid = {3B9632AC-50D3-42C9-9E04-BB30EF69DCA6}
	EndGlobalSection
EndGlobal
